
Microsoft Visual Studio Solution File, Format Version 12.00
# Visual Studio 15
VisualStudioVersion = 15.0.28010.2026
MinimumVisualStudioVersion = 10.0.40219.1
Project("{8BC9CEB8-8B4A-11D0-8D11-00A0C91BC942}") = "0827", "0827\0827.vcxproj", "{98CD85CE-0680-4083-A450-AB585B831171}"
EndProject
Global
	GlobalSection(SolutionConfigurationPlatforms) = preSolution
		Debug|x64 = Debug|x64
		Debug|x86 = Debug|x86
		Release|x64 = Release|x64
		Release|x86 = Release|x86
	EndGlobalSection
	GlobalSection(ProjectConfigurationPlatforms) = postSolution
		{98CD85CE-0680-4083-A450-AB585B831171}.Debug|x64.ActiveCfg = Debug|x64
		{98CD85CE-0680-4083-A450-AB585B831171}.Debug|x64.Build.0 = Debug|x64
		{98CD85CE-0680-4083-A450-AB585B831171}.Debug|x86.ActiveCfg = Debug|Win32
		{98CD85CE-0680-4083-A450-AB585B831171}.Debug|x86.Build.0 = Debug|Win32
		{98CD85CE-0680-4083-A450-AB585B831171}.Release|x64.ActiveCfg = Release|x64
		{98CD85CE-0680-4083-A450-AB585B831171}.Release|x64.Build.0 = Release|x64
		{98CD85CE-0680-4083-A450-AB585B831171}.Release|x86.ActiveCfg = Release|Win32
		{98CD85CE-0680-4083-A450-AB585B831171}.Release|x86.Build.0 = Release|Win32
	EndGlobalSection
	GlobalSection(SolutionProperties) = preSolution
		HideSolutionNode = FALSE
	EndGlobalSection
	GlobalSection(ExtensibilityGlobals) = postSolution
		SolutionGuid = {4B30F24B-6C05-4637-83E7-42C3DCC848A6}
	EndGlobalSection
EndGlobal
