
Microsoft Visual Studio Solution File, Format Version 12.00
# Visual Studio 15
VisualStudioVersion = 15.0.28010.2026
MinimumVisualStudioVersion = 10.0.40219.1
Project("{8BC9CEB8-8B4A-11D0-8D11-00A0C91BC942}") = "API", "API\API.vcxproj", "{AA25AA37-B5BF-42DA-B5AB-FEB3AE81168B}"
EndProject
Project("{8BC9CEB8-8B4A-11D0-8D11-00A0C91BC942}") = "BitMapRes", "BitMapRes\BitMapRes.vcxproj", "{29423329-5346-47A7-945C-7A0D5D122F41}"
EndProject
Project("{8BC9CEB8-8B4A-11D0-8D11-00A0C91BC942}") = "PairGame", "PairGame\PairGame.vcxproj", "{4D920706-992A-44BB-AF10-3F7366FA3DDD}"
EndProject
Project("{8BC9CEB8-8B4A-11D0-8D11-00A0C91BC942}") = "GameFrame", "GameFrame\GameFrame.vcxproj", "{127D7CC3-707A-483A-9065-D11D9B3AA7FC}"
EndProject
Global
	GlobalSection(SolutionConfigurationPlatforms) = preSolution
		Debug|x64 = Debug|x64
		Debug|x86 = Debug|x86
		Release|x64 = Release|x64
		Release|x86 = Release|x86
	EndGlobalSection
	GlobalSection(ProjectConfigurationPlatforms) = postSolution
		{AA25AA37-B5BF-42DA-B5AB-FEB3AE81168B}.Debug|x64.ActiveCfg = Debug|x64
		{AA25AA37-B5BF-42DA-B5AB-FEB3AE81168B}.Debug|x64.Build.0 = Debug|x64
		{AA25AA37-B5BF-42DA-B5AB-FEB3AE81168B}.Debug|x86.ActiveCfg = Debug|Win32
		{AA25AA37-B5BF-42DA-B5AB-FEB3AE81168B}.Debug|x86.Build.0 = Debug|Win32
		{AA25AA37-B5BF-42DA-B5AB-FEB3AE81168B}.Release|x64.ActiveCfg = Release|x64
		{AA25AA37-B5BF-42DA-B5AB-FEB3AE81168B}.Release|x64.Build.0 = Release|x64
		{AA25AA37-B5BF-42DA-B5AB-FEB3AE81168B}.Release|x86.ActiveCfg = Release|Win32
		{AA25AA37-B5BF-42DA-B5AB-FEB3AE81168B}.Release|x86.Build.0 = Release|Win32
		{29423329-5346-47A7-945C-7A0D5D122F41}.Debug|x64.ActiveCfg = Debug|x64
		{29423329-5346-47A7-945C-7A0D5D122F41}.Debug|x64.Build.0 = Debug|x64
		{29423329-5346-47A7-945C-7A0D5D122F41}.Debug|x86.ActiveCfg = Debug|Win32
		{29423329-5346-47A7-945C-7A0D5D122F41}.Debug|x86.Build.0 = Debug|Win32
		{29423329-5346-47A7-945C-7A0D5D122F41}.Release|x64.ActiveCfg = Release|x64
		{29423329-5346-47A7-945C-7A0D5D122F41}.Release|x64.Build.0 = Release|x64
		{29423329-5346-47A7-945C-7A0D5D122F41}.Release|x86.ActiveCfg = Release|Win32
		{29423329-5346-47A7-945C-7A0D5D122F41}.Release|x86.Build.0 = Release|Win32
		{4D920706-992A-44BB-AF10-3F7366FA3DDD}.Debug|x64.ActiveCfg = Debug|x64
		{4D920706-992A-44BB-AF10-3F7366FA3DDD}.Debug|x64.Build.0 = Debug|x64
		{4D920706-992A-44BB-AF10-3F7366FA3DDD}.Debug|x86.ActiveCfg = Debug|Win32
		{4D920706-992A-44BB-AF10-3F7366FA3DDD}.Debug|x86.Build.0 = Debug|Win32
		{4D920706-992A-44BB-AF10-3F7366FA3DDD}.Release|x64.ActiveCfg = Release|x64
		{4D920706-992A-44BB-AF10-3F7366FA3DDD}.Release|x64.Build.0 = Release|x64
		{4D920706-992A-44BB-AF10-3F7366FA3DDD}.Release|x86.ActiveCfg = Release|Win32
		{4D920706-992A-44BB-AF10-3F7366FA3DDD}.Release|x86.Build.0 = Release|Win32
		{127D7CC3-707A-483A-9065-D11D9B3AA7FC}.Debug|x64.ActiveCfg = Debug|x64
		{127D7CC3-707A-483A-9065-D11D9B3AA7FC}.Debug|x64.Build.0 = Debug|x64
		{127D7CC3-707A-483A-9065-D11D9B3AA7FC}.Debug|x86.ActiveCfg = Debug|Win32
		{127D7CC3-707A-483A-9065-D11D9B3AA7FC}.Debug|x86.Build.0 = Debug|Win32
		{127D7CC3-707A-483A-9065-D11D9B3AA7FC}.Release|x64.ActiveCfg = Release|x64
		{127D7CC3-707A-483A-9065-D11D9B3AA7FC}.Release|x64.Build.0 = Release|x64
		{127D7CC3-707A-483A-9065-D11D9B3AA7FC}.Release|x86.ActiveCfg = Release|Win32
		{127D7CC3-707A-483A-9065-D11D9B3AA7FC}.Release|x86.Build.0 = Release|Win32
	EndGlobalSection
	GlobalSection(SolutionProperties) = preSolution
		HideSolutionNode = FALSE
	EndGlobalSection
	GlobalSection(ExtensibilityGlobals) = postSolution
		SolutionGuid = {B0002201-2175-4DE1-BEC5-897EE4168164}
	EndGlobalSection
EndGlobal
