<?xml version="1.0" encoding="utf-8"?>
<Project ToolsVersion="4.0" xmlns="http://schemas.microsoft.com/developer/msbuild/2003">
  <ItemGroup>
    <Filter Include="소스 파일">
      <UniqueIdentifier>{4FC737F1-C7A5-4376-A066-2A32D752A2FF}</UniqueIdentifier>
      <Extensions>cpp;c;cc;cxx;def;odl;idl;hpj;bat;asm;asmx</Extensions>
    </Filter>
    <Filter Include="헤더 파일">
      <UniqueIdentifier>{93995380-89BD-4b04-88EB-625FBE52EBFB}</UniqueIdentifier>
      <Extensions>h;hh;hpp;hxx;hm;inl;inc;ipp;xsd</Extensions>
    </Filter>
    <Filter Include="리소스 파일">
      <UniqueIdentifier>{67DA6AB6-F800-4c08-8B7A-83BB121AAD01}</UniqueIdentifier>
      <Extensions>rc;ico;cur;bmp;dlg;rc2;rct;bin;rgs;gif;jpg;jpeg;jpe;resx;tiff;tif;png;wav;mfcribbon-ms</Extensions>
    </Filter>
    <Filter Include="소스 파일\Actor">
      <UniqueIdentifier>{54cec026-6e5d-459d-8ddd-ff952dc59e15}</UniqueIdentifier>
    </Filter>
    <Filter Include="소스 파일\Actor\Tank">
      <UniqueIdentifier>{68028142-f875-443f-93c5-cb51bdcad2a1}</UniqueIdentifier>
    </Filter>
    <Filter Include="헤더 파일\Actor">
      <UniqueIdentifier>{27799350-baa1-4605-9ad2-2dece5de9c0c}</UniqueIdentifier>
    </Filter>
    <Filter Include="헤더 파일\Actor\Tank">
      <UniqueIdentifier>{68be2c67-c24e-49f5-a1eb-f10f44798559}</UniqueIdentifier>
    </Filter>
    <Filter Include="소스 파일\Tile">
      <UniqueIdentifier>{9f09a1f9-c4ce-4be7-b411-91e07ba75063}</UniqueIdentifier>
    </Filter>
    <Filter Include="헤더 파일\Tile">
      <UniqueIdentifier>{961e1b2f-fa28-412b-adce-cb1590b9b722}</UniqueIdentifier>
    </Filter>
  </ItemGroup>
  <ItemGroup>
    <ClCompile Include="main.cpp">
      <Filter>소스 파일</Filter>
    </ClCompile>
    <ClCompile Include="Bitmap.cpp">
      <Filter>소스 파일</Filter>
    </ClCompile>
    <ClCompile Include="MainGame.cpp">
      <Filter>소스 파일</Filter>
    </ClCompile>
    <ClCompile Include="Actor.cpp">
      <Filter>소스 파일\Actor</Filter>
    </ClCompile>
    <ClCompile Include="Player.cpp">
      <Filter>소스 파일\Actor\Tank</Filter>
    </ClCompile>
    <ClCompile Include="Tank.cpp">
      <Filter>소스 파일\Actor\Tank</Filter>
    </ClCompile>
    <ClCompile Include="Bullet.cpp">
      <Filter>소스 파일\Actor\Tank</Filter>
    </ClCompile>
    <ClCompile Include="Tile.cpp">
      <Filter>소스 파일\Tile</Filter>
    </ClCompile>
    <ClCompile Include="Block.cpp">
      <Filter>소스 파일\Tile</Filter>
    </ClCompile>
    <ClCompile Include="Metal.cpp">
      <Filter>소스 파일\Tile</Filter>
    </ClCompile>
    <ClCompile Include="Water.cpp">
      <Filter>소스 파일\Tile</Filter>
    </ClCompile>
    <ClCompile Include="Forest.cpp">
      <Filter>소스 파일\Tile</Filter>
    </ClCompile>
    <ClCompile Include="Sliver.cpp">
      <Filter>소스 파일\Tile</Filter>
    </ClCompile>
    <ClCompile Include="Engle.cpp">
      <Filter>소스 파일</Filter>
    </ClCompile>
  </ItemGroup>
  <ItemGroup>
    <ClInclude Include="Bitmap.h">
      <Filter>헤더 파일</Filter>
    </ClInclude>
    <ClInclude Include="MainGame.h">
      <Filter>헤더 파일</Filter>
    </ClInclude>
    <ClInclude Include="Player.h">
      <Filter>헤더 파일\Actor\Tank</Filter>
    </ClInclude>
    <ClInclude Include="Tank.h">
      <Filter>헤더 파일\Actor\Tank</Filter>
    </ClInclude>
    <ClInclude Include="Actor.h">
      <Filter>헤더 파일\Actor</Filter>
    </ClInclude>
    <ClInclude Include="Bullet.h">
      <Filter>헤더 파일\Actor\Tank</Filter>
    </ClInclude>
    <ClInclude Include="Common.h">
      <Filter>헤더 파일</Filter>
    </ClInclude>
    <ClInclude Include="Tile.h">
      <Filter>헤더 파일\Tile</Filter>
    </ClInclude>
    <ClInclude Include="Block.h">
      <Filter>헤더 파일\Tile</Filter>
    </ClInclude>
    <ClInclude Include="Forest.h">
      <Filter>헤더 파일\Tile</Filter>
    </ClInclude>
    <ClInclude Include="Metal.h">
      <Filter>헤더 파일\Tile</Filter>
    </ClInclude>
    <ClInclude Include="Water.h">
      <Filter>헤더 파일\Tile</Filter>
    </ClInclude>
    <ClInclude Include="Sliver.h">
      <Filter>헤더 파일\Tile</Filter>
    </ClInclude>
    <ClInclude Include="Engle.h">
      <Filter>헤더 파일</Filter>
    </ClInclude>
  </ItemGroup>
</Project>