
Microsoft Visual Studio Solution File, Format Version 12.00
# Visual Studio 15
VisualStudioVersion = 15.0.28010.2026
MinimumVisualStudioVersion = 10.0.40219.1
Project("{8BC9CEB8-8B4A-11D0-8D11-00A0C91BC942}") = "0909", "0909\0909.vcxproj", "{998068F9-0328-4558-AB63-68A351492EE9}"
EndProject
Project("{8BC9CEB8-8B4A-11D0-8D11-00A0C91BC942}") = "Edit", "Edit\Edit.vcxproj", "{1B50A409-7C70-4EC1-815D-126CAD38C624}"
EndProject
Project("{8BC9CEB8-8B4A-11D0-8D11-00A0C91BC942}") = "BattleCityMapTool", "BattleCityMapTool\BattleCityMapTool.vcxproj", "{69C17235-E03C-42F2-B84F-72FCBA078A95}"
EndProject
Project("{8BC9CEB8-8B4A-11D0-8D11-00A0C91BC942}") = "BattleCityGame", "BattleCityGame\BattleCityGame.vcxproj", "{69504A85-CFE0-4BB9-AB6A-E2A8B939D35A}"
EndProject
Global
	GlobalSection(SolutionConfigurationPlatforms) = preSolution
		Debug|x64 = Debug|x64
		Debug|x86 = Debug|x86
		Release|x64 = Release|x64
		Release|x86 = Release|x86
	EndGlobalSection
	GlobalSection(ProjectConfigurationPlatforms) = postSolution
		{998068F9-0328-4558-AB63-68A351492EE9}.Debug|x64.ActiveCfg = Debug|x64
		{998068F9-0328-4558-AB63-68A351492EE9}.Debug|x64.Build.0 = Debug|x64
		{998068F9-0328-4558-AB63-68A351492EE9}.Debug|x86.ActiveCfg = Debug|Win32
		{998068F9-0328-4558-AB63-68A351492EE9}.Debug|x86.Build.0 = Debug|Win32
		{998068F9-0328-4558-AB63-68A351492EE9}.Release|x64.ActiveCfg = Release|x64
		{998068F9-0328-4558-AB63-68A351492EE9}.Release|x64.Build.0 = Release|x64
		{998068F9-0328-4558-AB63-68A351492EE9}.Release|x86.ActiveCfg = Release|Win32
		{998068F9-0328-4558-AB63-68A351492EE9}.Release|x86.Build.0 = Release|Win32
		{1B50A409-7C70-4EC1-815D-126CAD38C624}.Debug|x64.ActiveCfg = Debug|x64
		{1B50A409-7C70-4EC1-815D-126CAD38C624}.Debug|x64.Build.0 = Debug|x64
		{1B50A409-7C70-4EC1-815D-126CAD38C624}.Debug|x86.ActiveCfg = Debug|Win32
		{1B50A409-7C70-4EC1-815D-126CAD38C624}.Debug|x86.Build.0 = Debug|Win32
		{1B50A409-7C70-4EC1-815D-126CAD38C624}.Release|x64.ActiveCfg = Release|x64
		{1B50A409-7C70-4EC1-815D-126CAD38C624}.Release|x64.Build.0 = Release|x64
		{1B50A409-7C70-4EC1-815D-126CAD38C624}.Release|x86.ActiveCfg = Release|Win32
		{1B50A409-7C70-4EC1-815D-126CAD38C624}.Release|x86.Build.0 = Release|Win32
		{69C17235-E03C-42F2-B84F-72FCBA078A95}.Debug|x64.ActiveCfg = Debug|x64
		{69C17235-E03C-42F2-B84F-72FCBA078A95}.Debug|x64.Build.0 = Debug|x64
		{69C17235-E03C-42F2-B84F-72FCBA078A95}.Debug|x86.ActiveCfg = Debug|Win32
		{69C17235-E03C-42F2-B84F-72FCBA078A95}.Debug|x86.Build.0 = Debug|Win32
		{69C17235-E03C-42F2-B84F-72FCBA078A95}.Release|x64.ActiveCfg = Release|x64
		{69C17235-E03C-42F2-B84F-72FCBA078A95}.Release|x64.Build.0 = Release|x64
		{69C17235-E03C-42F2-B84F-72FCBA078A95}.Release|x86.ActiveCfg = Release|Win32
		{69C17235-E03C-42F2-B84F-72FCBA078A95}.Release|x86.Build.0 = Release|Win32
		{69504A85-CFE0-4BB9-AB6A-E2A8B939D35A}.Debug|x64.ActiveCfg = Debug|x64
		{69504A85-CFE0-4BB9-AB6A-E2A8B939D35A}.Debug|x64.Build.0 = Debug|x64
		{69504A85-CFE0-4BB9-AB6A-E2A8B939D35A}.Debug|x86.ActiveCfg = Debug|Win32
		{69504A85-CFE0-4BB9-AB6A-E2A8B939D35A}.Debug|x86.Build.0 = Debug|Win32
		{69504A85-CFE0-4BB9-AB6A-E2A8B939D35A}.Release|x64.ActiveCfg = Release|x64
		{69504A85-CFE0-4BB9-AB6A-E2A8B939D35A}.Release|x64.Build.0 = Release|x64
		{69504A85-CFE0-4BB9-AB6A-E2A8B939D35A}.Release|x86.ActiveCfg = Release|Win32
		{69504A85-CFE0-4BB9-AB6A-E2A8B939D35A}.Release|x86.Build.0 = Release|Win32
	EndGlobalSection
	GlobalSection(SolutionProperties) = preSolution
		HideSolutionNode = FALSE
	EndGlobalSection
	GlobalSection(ExtensibilityGlobals) = postSolution
		SolutionGuid = {650C4BF5-F8CA-4699-9D22-EE035782E66D}
	EndGlobalSection
EndGlobal
