
Microsoft Visual Studio Solution File, Format Version 12.00
# Visual Studio 15
VisualStudioVersion = 15.0.28307.779
MinimumVisualStudioVersion = 10.0.40219.1
Project("{8BC9CEB8-8B4A-11D0-8D11-00A0C91BC942}") = "BattleCityGame", "BattleCityGame\BattleCityGame.vcxproj", "{69504A85-CFE0-4BB9-AB6A-E2A8B939D35A}"
EndProject
Global
	GlobalSection(SolutionConfigurationPlatforms) = preSolution
		Debug|x64 = Debug|x64
		Debug|x86 = Debug|x86
		Release|x64 = Release|x64
		Release|x86 = Release|x86
	EndGlobalSection
	GlobalSection(ProjectConfigurationPlatforms) = postSolution
		{69504A85-CFE0-4BB9-AB6A-E2A8B939D35A}.Debug|x64.ActiveCfg = Debug|x64
		{69504A85-CFE0-4BB9-AB6A-E2A8B939D35A}.Debug|x64.Build.0 = Debug|x64
		{69504A85-CFE0-4BB9-AB6A-E2A8B939D35A}.Debug|x86.ActiveCfg = Debug|Win32
		{69504A85-CFE0-4BB9-AB6A-E2A8B939D35A}.Debug|x86.Build.0 = Debug|Win32
		{69504A85-CFE0-4BB9-AB6A-E2A8B939D35A}.Release|x64.ActiveCfg = Release|x64
		{69504A85-CFE0-4BB9-AB6A-E2A8B939D35A}.Release|x64.Build.0 = Release|x64
		{69504A85-CFE0-4BB9-AB6A-E2A8B939D35A}.Release|x86.ActiveCfg = Release|Win32
		{69504A85-CFE0-4BB9-AB6A-E2A8B939D35A}.Release|x86.Build.0 = Release|Win32
	EndGlobalSection
	GlobalSection(SolutionProperties) = preSolution
		HideSolutionNode = FALSE
	EndGlobalSection
	GlobalSection(ExtensibilityGlobals) = postSolution
		SolutionGuid = {ADF38F38-A918-4ACE-9828-ADAF02808F47}
	EndGlobalSection
EndGlobal
